# THIS IS AN AUTOGENERATED FILE. DO NOT EDIT THIS FILE DIRECTLY.
# yarn lockfile v1


babel-plugin-tester@^8.0.1:
  version "8.0.1"
  resolved "https://registry.yarnpkg.com/babel-plugin-tester/-/babel-plugin-tester-8.0.1.tgz#6cffa9b9d508a567139339afc74c97c64b62f131"
  integrity sha512-5PN7FR1oxbTiA7JUdInT+vFkgu6ckYL5moRzWf5T7hAq+QX5cbcHpoXNHu1x7SQHCEZwYMhN1HzZoqeolNaO2g==
  dependencies:
    lodash.mergewith "^4.6.2"
    prettier "^1.19.1"
    strip-indent "^3.0.0"

lodash.mergewith@^4.6.2:
  version "4.6.2"
  resolved "https://registry.yarnpkg.com/lodash.mergewith/-/lodash.mergewith-4.6.2.tgz#617121f89ac55f59047c7aec1ccd6654c6590f55"
  integrity sha512-GK3g5RPZWTRSeLSpgP8Xhra+pnjBC56q9FZYe1d5RN3TJ35dbkGy3YqBSMbyCrlbi+CM9Z3Jk5yTL7RCsqboyQ==

min-indent@^1.0.0:
  version "1.0.0"
  resolved "https://registry.yarnpkg.com/min-indent/-/min-indent-1.0.0.tgz#cfc45c37e9ec0d8f0a0ec3dd4ef7f7c3abe39256"
  integrity sha1-z8RcN+nsDY8KDsPdTvf3w6vjklY=

prettier@^1.19.1:
  version "1.19.1"
  resolved "https://registry.yarnpkg.com/prettier/-/prettier-1.19.1.tgz#f7d7f5ff8a9cd872a7be4ca142095956a60797cb"
  integrity sha512-s7PoyDv/II1ObgQunCbB9PdLmUcBZcnWOcxDh7O0N/UwDEsHyqkW+Qh28jW+mVuCdx7gLB0BotYI1Y6uI9iyew==

strip-indent@^3.0.0:
  version "3.0.0"
  resolved "https://registry.yarnpkg.com/strip-indent/-/strip-indent-3.0.0.tgz#c32e1cee940b6b3432c771bc2c54bcce73cd3001"
  integrity sha512-laJTa3Jb+VQpaC6DseHhF7dXVqHTfJPCRDaEbid/drOhgitgYku/letMUqOXFoWV0zIIUbjpdH2t+tYj4bQMRQ==
  dependencies:
    min-indent "^1.0.0"
